
Microsoft Visual Studio Solution File, Format Version 12.00
# Visual Studio Version 16
VisualStudioVersion = 16.0.31205.134
MinimumVisualStudioVersion = 10.0.40219.1
Project("{FAE04EC0-301F-11D3-BF4B-00C04F79EFBC}") = "WeAreTheChampionsWFA", "WeAreTheChampionsWFA\WeAreTheChampionsWFA.csproj", "{DABC6790-67C0-42E9-9118-334488EBABBF}"
EndProject
Project("{2150E333-8FDC-42A3-9474-1A3956D46DE8}") = "Solution Items", "Solution Items", "{8EFC3033-97C0-4860-8FD7-9F93DDC41678}"
	ProjectSection(SolutionItems) = preProject
		README.md = README.md
	EndProjectSection
EndProject
Global
	GlobalSection(SolutionConfigurationPlatforms) = preSolution
		Debug|Any CPU = Debug|Any CPU
		Release|Any CPU = Release|Any CPU
	EndGlobalSection
	GlobalSection(ProjectConfigurationPlatforms) = postSolution
		{DABC6790-67C0-42E9-9118-334488EBABBF}.Debug|Any CPU.ActiveCfg = Debug|Any CPU
		{DABC6790-67C0-42E9-9118-334488EBABBF}.Debug|Any CPU.Build.0 = Debug|Any CPU
		{DABC6790-67C0-42E9-9118-334488EBABBF}.Release|Any CPU.ActiveCfg = Release|Any CPU
		{DABC6790-67C0-42E9-9118-334488EBABBF}.Release|Any CPU.Build.0 = Release|Any CPU
	EndGlobalSection
	GlobalSection(SolutionProperties) = preSolution
		HideSolutionNode = FALSE
	EndGlobalSection
	GlobalSection(ExtensibilityGlobals) = postSolution
		SolutionGuid = {2EFBE9C9-04A3-404C-B20D-630FCBB301DF}
	EndGlobalSection
EndGlobal
